
Microsoft Visual Studio Solution File, Format Version 12.00
# Visual Studio Version 16
VisualStudioVersion = 16.0.31005.135
MinimumVisualStudioVersion = 10.0.40219.1
Project("{9A19103F-16F7-4668-BE54-9A1E7A4F7556}") = "Transactions.Server", "Server\Transactions.Server.csproj", "{1952861B-9949-4A14-9A5D-46BDE5B5A6F8}"
EndProject
Project("{9A19103F-16F7-4668-BE54-9A1E7A4F7556}") = "Transactions.Client", "Client\Transactions.Client.csproj", "{221CC148-B823-4B21-AA01-5FD65490482C}"
EndProject
Project("{9A19103F-16F7-4668-BE54-9A1E7A4F7556}") = "Transactions.Shared", "Shared\Transactions.Shared.csproj", "{728BA5FD-60DE-432B-9BBC-1BAC8D3A410E}"
EndProject
Global
	GlobalSection(SolutionConfigurationPlatforms) = preSolution
		Debug|Any CPU = Debug|Any CPU
		Release|Any CPU = Release|Any CPU
	EndGlobalSection
	GlobalSection(ProjectConfigurationPlatforms) = postSolution
		{1952861B-9949-4A14-9A5D-46BDE5B5A6F8}.Debug|Any CPU.ActiveCfg = Debug|Any CPU
		{1952861B-9949-4A14-9A5D-46BDE5B5A6F8}.Debug|Any CPU.Build.0 = Debug|Any CPU
		{1952861B-9949-4A14-9A5D-46BDE5B5A6F8}.Release|Any CPU.ActiveCfg = Release|Any CPU
		{1952861B-9949-4A14-9A5D-46BDE5B5A6F8}.Release|Any CPU.Build.0 = Release|Any CPU
		{221CC148-B823-4B21-AA01-5FD65490482C}.Debug|Any CPU.ActiveCfg = Debug|Any CPU
		{221CC148-B823-4B21-AA01-5FD65490482C}.Debug|Any CPU.Build.0 = Debug|Any CPU
		{221CC148-B823-4B21-AA01-5FD65490482C}.Release|Any CPU.ActiveCfg = Release|Any CPU
		{221CC148-B823-4B21-AA01-5FD65490482C}.Release|Any CPU.Build.0 = Release|Any CPU
		{728BA5FD-60DE-432B-9BBC-1BAC8D3A410E}.Debug|Any CPU.ActiveCfg = Debug|Any CPU
		{728BA5FD-60DE-432B-9BBC-1BAC8D3A410E}.Debug|Any CPU.Build.0 = Debug|Any CPU
		{728BA5FD-60DE-432B-9BBC-1BAC8D3A410E}.Release|Any CPU.ActiveCfg = Release|Any CPU
		{728BA5FD-60DE-432B-9BBC-1BAC8D3A410E}.Release|Any CPU.Build.0 = Release|Any CPU
	EndGlobalSection
	GlobalSection(SolutionProperties) = preSolution
		HideSolutionNode = FALSE
	EndGlobalSection
	GlobalSection(ExtensibilityGlobals) = postSolution
		SolutionGuid = {82BFC4D3-A616-4DB8-99F3-17CB3AD9BE1C}
	EndGlobalSection
EndGlobal
